
Microsoft Visual Studio Solution File, Format Version 12.00
# Visual Studio Version 17
VisualStudioVersion = 17.10.35122.118
MinimumVisualStudioVersion = 10.0.40219.1
Project("{FAE04EC0-301F-11D3-BF4B-00C04F79EFBC}") = "NumberFormatting", "NumberFormatting.csproj", "{27D4D877-9D56-4ACE-8AE5-B9BB8D2950B9}"
EndProject
Global
	GlobalSection(SolutionConfigurationPlatforms) = preSolution
		Debug|Any CPU = Debug|Any CPU
		Release|Any CPU = Release|Any CPU
	EndGlobalSection
	GlobalSection(ProjectConfigurationPlatforms) = postSolution
		{27D4D877-9D56-4ACE-8AE5-B9BB8D2950B9}.Debug|Any CPU.ActiveCfg = Debug|Any CPU
		{27D4D877-9D56-4ACE-8AE5-B9BB8D2950B9}.Debug|Any CPU.Build.0 = Debug|Any CPU
		{27D4D877-9D56-4ACE-8AE5-B9BB8D2950B9}.Release|Any CPU.ActiveCfg = Release|Any CPU
		{27D4D877-9D56-4ACE-8AE5-B9BB8D2950B9}.Release|Any CPU.Build.0 = Release|Any CPU
	EndGlobalSection
	GlobalSection(SolutionProperties) = preSolution
		HideSolutionNode = FALSE
	EndGlobalSection
	GlobalSection(ExtensibilityGlobals) = postSolution
		SolutionGuid = {87623B65-87E0-48E6-8D5D-704E139B5A64}
	EndGlobalSection
EndGlobal
